
Microsoft Visual Studio Solution File, Format Version 12.00
# Visual Studio 14
VisualStudioVersion = 14.0.23107.0
MinimumVisualStudioVersion = 10.0.40219.1
Project("{FAE04EC0-301F-11D3-BF4B-00C04F79EFBC}") = "UndoRedu", "UndoRedu\UndoRedu.csproj", "{508F1629-902B-4500-A9BF-0388713F2FFB}"
EndProject
Global
	GlobalSection(SolutionConfigurationPlatforms) = preSolution
		Debug|Any CPU = Debug|Any CPU
		Release|Any CPU = Release|Any CPU
	EndGlobalSection
	GlobalSection(ProjectConfigurationPlatforms) = postSolution
		{508F1629-902B-4500-A9BF-0388713F2FFB}.Debug|Any CPU.ActiveCfg = Debug|Any CPU
		{508F1629-902B-4500-A9BF-0388713F2FFB}.Debug|Any CPU.Build.0 = Debug|Any CPU
		{508F1629-902B-4500-A9BF-0388713F2FFB}.Release|Any CPU.ActiveCfg = Release|Any CPU
		{508F1629-902B-4500-A9BF-0388713F2FFB}.Release|Any CPU.Build.0 = Release|Any CPU
	EndGlobalSection
	GlobalSection(SolutionProperties) = preSolution
		HideSolutionNode = FALSE
	EndGlobalSection
EndGlobal
