
Microsoft Visual Studio Solution File, Format Version 12.00
# Visual Studio 14
VisualStudioVersion = 14.0.24720.0
MinimumVisualStudioVersion = 10.0.40219.1
Project("{FAE04EC0-301F-11D3-BF4B-00C04F79EFBC}") = "VersionControlSystem", "VersionControlSystem\VersionControlSystem.csproj", "{B8220FF2-9ADE-4585-B4F7-72D6FBEF9B22}"
EndProject
Global
	GlobalSection(SolutionConfigurationPlatforms) = preSolution
		Debug|Any CPU = Debug|Any CPU
		Release|Any CPU = Release|Any CPU
	EndGlobalSection
	GlobalSection(ProjectConfigurationPlatforms) = postSolution
		{B8220FF2-9ADE-4585-B4F7-72D6FBEF9B22}.Debug|Any CPU.ActiveCfg = Debug|Any CPU
		{B8220FF2-9ADE-4585-B4F7-72D6FBEF9B22}.Debug|Any CPU.Build.0 = Debug|Any CPU
		{B8220FF2-9ADE-4585-B4F7-72D6FBEF9B22}.Release|Any CPU.ActiveCfg = Release|Any CPU
		{B8220FF2-9ADE-4585-B4F7-72D6FBEF9B22}.Release|Any CPU.Build.0 = Release|Any CPU
	EndGlobalSection
	GlobalSection(SolutionProperties) = preSolution
		HideSolutionNode = FALSE
	EndGlobalSection
	GlobalSection(TeamFoundationVersionControl) = preSolution
		SccNumberOfProjects = 2
		SccEnterpriseProvider = {4CA58AB2-18FA-4F8D-95D4-32DDF27D184C}
		SccTeamFoundationServer = http://84.40.82.99:9090/tfs/defaultcollection
		SccLocalPath0 = .
		SccProjectUniqueName1 = VersionControlSystem\\VersionControlSystem.csproj
		SccProjectName1 = VersionControlSystem
		SccLocalPath1 = VersionControlSystem
	EndGlobalSection
EndGlobal
